
Microsoft Visual Studio Solution File, Format Version 12.00
# Visual Studio 15
VisualStudioVersion = 15.0.28010.2041
MinimumVisualStudioVersion = 10.0.40219.1
Project("{FAE04EC0-301F-11D3-BF4B-00C04F79EFBC}") = "xử lý điểm học sinh", "xử lý điểm học sinh\xử lý điểm học sinh.csproj", "{79C9EC70-681F-42DF-82D2-E61EF339EE10}"
EndProject
Global
	GlobalSection(SolutionConfigurationPlatforms) = preSolution
		Debug|Any CPU = Debug|Any CPU
		Release|Any CPU = Release|Any CPU
	EndGlobalSection
	GlobalSection(ProjectConfigurationPlatforms) = postSolution
		{79C9EC70-681F-42DF-82D2-E61EF339EE10}.Debug|Any CPU.ActiveCfg = Debug|Any CPU
		{79C9EC70-681F-42DF-82D2-E61EF339EE10}.Debug|Any CPU.Build.0 = Debug|Any CPU
		{79C9EC70-681F-42DF-82D2-E61EF339EE10}.Release|Any CPU.ActiveCfg = Release|Any CPU
		{79C9EC70-681F-42DF-82D2-E61EF339EE10}.Release|Any CPU.Build.0 = Release|Any CPU
	EndGlobalSection
	GlobalSection(SolutionProperties) = preSolution
		HideSolutionNode = FALSE
	EndGlobalSection
	GlobalSection(ExtensibilityGlobals) = postSolution
		SolutionGuid = {757BA62F-B8B6-4282-B896-D503AA6C91C3}
	EndGlobalSection
EndGlobal
