
Microsoft Visual Studio Solution File, Format Version 12.00
# Visual Studio 15
VisualStudioVersion = 15.0.28010.2041
MinimumVisualStudioVersion = 10.0.40219.1
Project("{FAE04EC0-301F-11D3-BF4B-00C04F79EFBC}") = "Snake game", "Snake game\Snake game.csproj", "{D57DFA29-D965-4B6E-817E-AFB948F9E162}"
EndProject
Global
	GlobalSection(SolutionConfigurationPlatforms) = preSolution
		Debug|Any CPU = Debug|Any CPU
		Release|Any CPU = Release|Any CPU
	EndGlobalSection
	GlobalSection(ProjectConfigurationPlatforms) = postSolution
		{D57DFA29-D965-4B6E-817E-AFB948F9E162}.Debug|Any CPU.ActiveCfg = Debug|Any CPU
		{D57DFA29-D965-4B6E-817E-AFB948F9E162}.Debug|Any CPU.Build.0 = Debug|Any CPU
		{D57DFA29-D965-4B6E-817E-AFB948F9E162}.Release|Any CPU.ActiveCfg = Release|Any CPU
		{D57DFA29-D965-4B6E-817E-AFB948F9E162}.Release|Any CPU.Build.0 = Release|Any CPU
	EndGlobalSection
	GlobalSection(SolutionProperties) = preSolution
		HideSolutionNode = FALSE
	EndGlobalSection
	GlobalSection(ExtensibilityGlobals) = postSolution
		SolutionGuid = {E0E5CA3B-11EC-4B8C-9B8C-A127BA5D4685}
	EndGlobalSection
EndGlobal
