
Microsoft Visual Studio Solution File, Format Version 12.00
# Visual Studio 15
VisualStudioVersion = 15.0.28010.2041
MinimumVisualStudioVersion = 10.0.40219.1
Project("{FAE04EC0-301F-11D3-BF4B-00C04F79EFBC}") = "quản lý học sinh_not database", "quản lý học sinh_not database\quản lý học sinh_not database.csproj", "{73588690-F7B9-4670-AF7D-DEDD4EAC7EC1}"
EndProject
Global
	GlobalSection(SolutionConfigurationPlatforms) = preSolution
		Debug|Any CPU = Debug|Any CPU
		Release|Any CPU = Release|Any CPU
	EndGlobalSection
	GlobalSection(ProjectConfigurationPlatforms) = postSolution
		{73588690-F7B9-4670-AF7D-DEDD4EAC7EC1}.Debug|Any CPU.ActiveCfg = Debug|Any CPU
		{73588690-F7B9-4670-AF7D-DEDD4EAC7EC1}.Debug|Any CPU.Build.0 = Debug|Any CPU
		{73588690-F7B9-4670-AF7D-DEDD4EAC7EC1}.Release|Any CPU.ActiveCfg = Release|Any CPU
		{73588690-F7B9-4670-AF7D-DEDD4EAC7EC1}.Release|Any CPU.Build.0 = Release|Any CPU
	EndGlobalSection
	GlobalSection(SolutionProperties) = preSolution
		HideSolutionNode = FALSE
	EndGlobalSection
	GlobalSection(ExtensibilityGlobals) = postSolution
		SolutionGuid = {E5E4AF61-D9A4-42F0-B5E5-4AD3AB8DF95C}
	EndGlobalSection
EndGlobal
