
Microsoft Visual Studio Solution File, Format Version 12.00
# Visual Studio 15
VisualStudioVersion = 15.0.28010.2041
MinimumVisualStudioVersion = 10.0.40219.1
Project("{FAE04EC0-301F-11D3-BF4B-00C04F79EFBC}") = "trainee_24_10", "trainee_24_10\trainee_24_10.csproj", "{AC5DE7DC-9413-4B82-9E8E-3B42530BF019}"
EndProject
Global
	GlobalSection(SolutionConfigurationPlatforms) = preSolution
		Debug|Any CPU = Debug|Any CPU
		Release|Any CPU = Release|Any CPU
	EndGlobalSection
	GlobalSection(ProjectConfigurationPlatforms) = postSolution
		{AC5DE7DC-9413-4B82-9E8E-3B42530BF019}.Debug|Any CPU.ActiveCfg = Debug|Any CPU
		{AC5DE7DC-9413-4B82-9E8E-3B42530BF019}.Debug|Any CPU.Build.0 = Debug|Any CPU
		{AC5DE7DC-9413-4B82-9E8E-3B42530BF019}.Release|Any CPU.ActiveCfg = Release|Any CPU
		{AC5DE7DC-9413-4B82-9E8E-3B42530BF019}.Release|Any CPU.Build.0 = Release|Any CPU
	EndGlobalSection
	GlobalSection(SolutionProperties) = preSolution
		HideSolutionNode = FALSE
	EndGlobalSection
	GlobalSection(ExtensibilityGlobals) = postSolution
		SolutionGuid = {C93075D2-7074-480C-81B0-810F19318A88}
	EndGlobalSection
EndGlobal
