
Microsoft Visual Studio Solution File, Format Version 12.00
# Visual Studio 15
VisualStudioVersion = 15.0.28010.2041
MinimumVisualStudioVersion = 10.0.40219.1
Project("{FAE04EC0-301F-11D3-BF4B-00C04F79EFBC}") = "app bán hàng", "app bán hàng\app bán hàng.csproj", "{FFDD3DB0-0E42-4B78-AC24-378E1E4535B1}"
EndProject
Global
	GlobalSection(SolutionConfigurationPlatforms) = preSolution
		Debug|Any CPU = Debug|Any CPU
		Release|Any CPU = Release|Any CPU
	EndGlobalSection
	GlobalSection(ProjectConfigurationPlatforms) = postSolution
		{FFDD3DB0-0E42-4B78-AC24-378E1E4535B1}.Debug|Any CPU.ActiveCfg = Debug|Any CPU
		{FFDD3DB0-0E42-4B78-AC24-378E1E4535B1}.Debug|Any CPU.Build.0 = Debug|Any CPU
		{FFDD3DB0-0E42-4B78-AC24-378E1E4535B1}.Release|Any CPU.ActiveCfg = Release|Any CPU
		{FFDD3DB0-0E42-4B78-AC24-378E1E4535B1}.Release|Any CPU.Build.0 = Release|Any CPU
	EndGlobalSection
	GlobalSection(SolutionProperties) = preSolution
		HideSolutionNode = FALSE
	EndGlobalSection
	GlobalSection(ExtensibilityGlobals) = postSolution
		SolutionGuid = {F829C634-BA9C-4CB5-835F-2E01A075439F}
	EndGlobalSection
EndGlobal
